
Microsoft Visual Studio Solution File, Format Version 12.00
# Visual Studio Version 16
VisualStudioVersion = 16.0.29215.179
MinimumVisualStudioVersion = 10.0.40219.1
Project("{9A19103F-16F7-4668-BE54-9A1E7A4F7556}") = "SerializePeople", "SerializePeople\SerializePeople.csproj", "{0BF05725-2F02-4821-A146-BA3B54FA8974}"
EndProject
Project("{FAE04EC0-301F-11D3-BF4B-00C04F79EFBC}") = "Person.Tests", "Person.Tests\Person.Tests.csproj", "{6F914F90-9F2C-4887-9F07-84D796EA6CEF}"
EndProject
Global
	GlobalSection(SolutionConfigurationPlatforms) = preSolution
		Debug|Any CPU = Debug|Any CPU
		Release|Any CPU = Release|Any CPU
	EndGlobalSection
	GlobalSection(ProjectConfigurationPlatforms) = postSolution
		{0BF05725-2F02-4821-A146-BA3B54FA8974}.Debug|Any CPU.ActiveCfg = Debug|Any CPU
		{0BF05725-2F02-4821-A146-BA3B54FA8974}.Debug|Any CPU.Build.0 = Debug|Any CPU
		{0BF05725-2F02-4821-A146-BA3B54FA8974}.Release|Any CPU.ActiveCfg = Release|Any CPU
		{0BF05725-2F02-4821-A146-BA3B54FA8974}.Release|Any CPU.Build.0 = Release|Any CPU
		{6F914F90-9F2C-4887-9F07-84D796EA6CEF}.Debug|Any CPU.ActiveCfg = Debug|Any CPU
		{6F914F90-9F2C-4887-9F07-84D796EA6CEF}.Debug|Any CPU.Build.0 = Debug|Any CPU
		{6F914F90-9F2C-4887-9F07-84D796EA6CEF}.Release|Any CPU.ActiveCfg = Release|Any CPU
		{6F914F90-9F2C-4887-9F07-84D796EA6CEF}.Release|Any CPU.Build.0 = Release|Any CPU
	EndGlobalSection
	GlobalSection(SolutionProperties) = preSolution
		HideSolutionNode = FALSE
	EndGlobalSection
	GlobalSection(ExtensibilityGlobals) = postSolution
		SolutionGuid = {B0198102-3216-4EEC-BD01-0CE9447F6C33}
	EndGlobalSection
EndGlobal
